
Microsoft Visual Studio Solution File, Format Version 12.00
# Visual Studio Version 16
VisualStudioVersion = 16.0.32126.315
MinimumVisualStudioVersion = 10.0.40219.1
Project("{FAE04EC0-301F-11D3-BF4B-00C04F79EFBC}") = "JocDameAnicaiBogdan", "JocDameAnicaiBogdan.csproj", "{A413670C-DDCF-4C1C-851F-1CA07334CC47}"
EndProject
Global
	GlobalSection(SolutionConfigurationPlatforms) = preSolution
		Debug|Any CPU = Debug|Any CPU
		Release|Any CPU = Release|Any CPU
	EndGlobalSection
	GlobalSection(ProjectConfigurationPlatforms) = postSolution
		{A413670C-DDCF-4C1C-851F-1CA07334CC47}.Debug|Any CPU.ActiveCfg = Debug|Any CPU
		{A413670C-DDCF-4C1C-851F-1CA07334CC47}.Debug|Any CPU.Build.0 = Debug|Any CPU
		{A413670C-DDCF-4C1C-851F-1CA07334CC47}.Release|Any CPU.ActiveCfg = Release|Any CPU
		{A413670C-DDCF-4C1C-851F-1CA07334CC47}.Release|Any CPU.Build.0 = Release|Any CPU
	EndGlobalSection
	GlobalSection(SolutionProperties) = preSolution
		HideSolutionNode = FALSE
	EndGlobalSection
	GlobalSection(ExtensibilityGlobals) = postSolution
		SolutionGuid = {FE519DCA-51EA-474F-9E12-A3C6BDE0BBA7}
	EndGlobalSection
EndGlobal
